
Microsoft Visual Studio Solution File, Format Version 12.00
# Visual Studio 15
VisualStudioVersion = 15.0.28307.572
MinimumVisualStudioVersion = 10.0.40219.1
Project("{FAE04EC0-301F-11D3-BF4B-00C04F79EFBC}") = "Wpf3d", "Wpf3d\Wpf3d.csproj", "{232E85B4-3572-4DE7-80B1-E42B23D0905D}"
EndProject
Global
	GlobalSection(SolutionConfigurationPlatforms) = preSolution
		Debug|Any CPU = Debug|Any CPU
		Release|Any CPU = Release|Any CPU
	EndGlobalSection
	GlobalSection(ProjectConfigurationPlatforms) = postSolution
		{232E85B4-3572-4DE7-80B1-E42B23D0905D}.Debug|Any CPU.ActiveCfg = Debug|Any CPU
		{232E85B4-3572-4DE7-80B1-E42B23D0905D}.Debug|Any CPU.Build.0 = Debug|Any CPU
		{232E85B4-3572-4DE7-80B1-E42B23D0905D}.Release|Any CPU.ActiveCfg = Release|Any CPU
		{232E85B4-3572-4DE7-80B1-E42B23D0905D}.Release|Any CPU.Build.0 = Release|Any CPU
	EndGlobalSection
	GlobalSection(SolutionProperties) = preSolution
		HideSolutionNode = FALSE
	EndGlobalSection
	GlobalSection(ExtensibilityGlobals) = postSolution
		SolutionGuid = {81CA8207-7B4C-4A51-A2EE-FF2DDD820359}
	EndGlobalSection
EndGlobal
